// !$*UTF8*$!
{
	archiveVersion = 1;
	classes = {
	};
	objectVersion = 46;
	objects = {

/* Begin PBXBuildFile section */
		6504D7EF1E1232BE000FF98A /* PhotoCell.xib in Resources */ = {isa = PBXBuildFile; fileRef = 6504D7EE1E1232BE000FF98A /* PhotoCell.xib */; };
		6504D7F11E1232DE000FF98A /* PhotoCell.swift in Sources */ = {isa = PBXBuildFile; fileRef = 6504D7F01E1232DE000FF98A /* PhotoCell.swift */; };
		65B18A171E12184F00928F54 /* AppDelegate.swift in Sources */ = {isa = PBXBuildFile; fileRef = 65B18A161E12184F00928F54 /* AppDelegate.swift */; };
		65B18A191E12184F00928F54 /* PhotosViewController.swift in Sources */ = {isa = PBXBuildFile; fileRef = 65B18A181E12184F00928F54 /* PhotosViewController.swift */; };
		65B18A1C1E12184F00928F54 /* Main.storyboard in Resources */ = {isa = PBXBuildFile; fileRef = 65B18A1A1E12184F00928F54 /* Main.storyboard */; };
		65B18A1E1E12184F00928F54 /* Assets.xcassets in Resources */ = {isa = PBXBuildFile; fileRef = 65B18A1D1E12184F00928F54 /* Assets.xcassets */; };
		65B18A211E12184F00928F54 /* LaunchScreen.storyboard in Resources */ = {isa = PBXBuildFile; fileRef = 65B18A1F1E12184F00928F54 /* LaunchScreen.storyboard */; };
		EB0E50116D0E928729E25BEE /* Pods_Instagram_lab.framework in Frameworks */ = {isa = PBXBuildFile; fileRef = 7E47D0E88C56932D232CFC29 /* Pods_Instagram_lab.framework */; };
/* End PBXBuildFile section */

/* Begin PBXFileReference section */
		048DDC78AEC1F2996AEEF3BE /* Pods-Instagram_lab.release.xcconfig */ = {isa = PBXFileReference; includeInIndex = 1; lastKnownFileType = text.xcconfig; name = "Pods-Instagram_lab.release.xcconfig"; path = "Pods/Target Support Files/Pods-Instagram_lab/Pods-Instagram_lab.release.xcconfig"; sourceTree = "<group>"; };
		6504D7EE1E1232BE000FF98A /* PhotoCell.xib */ = {isa = PBXFileReference; fileEncoding = 4; lastKnownFileType = file.xib; path = PhotoCell.xib; sourceTree = "<group>"; };
		6504D7F01E1232DE000FF98A /* PhotoCell.swift */ = {isa = PBXFileReference; fileEncoding = 4; lastKnownFileType = sourcecode.swift; path = PhotoCell.swift; sourceTree = "<group>"; };
		65B18A131E12184F00928F54 /* Instagram_lab.app */ = {isa = PBXFileReference; explicitFileType = wrapper.application; includeInIndex = 0; path = Instagram_lab.app; sourceTree = BUILT_PRODUCTS_DIR; };
		65B18A161E12184F00928F54 /* AppDelegate.swift */ = {isa = PBXFileReference; lastKnownFileType = sourcecode.swift; path = AppDelegate.swift; sourceTree = "<group>"; };
		65B18A181E12184F00928F54 /* PhotosViewController.swift */ = {isa = PBXFileReference; lastKnownFileType = sourcecode.swift; path = PhotosViewController.swift; sourceTree = "<group>"; };
		65B18A1B1E12184F00928F54 /* Base */ = {isa = PBXFileReference; lastKnownFileType = file.storyboard; name = Base; path = Base.lproj/Main.storyboard; sourceTree = "<group>"; };
		65B18A1D1E12184F00928F54 /* Assets.xcassets */ = {isa = PBXFileReference; lastKnownFileType = folder.assetcatalog; path = Assets.xcassets; sourceTree = "<group>"; };
		65B18A201E12184F00928F54 /* Base */ = {isa = PBXFileReference; lastKnownFileType = file.storyboard; name = Base; path = Base.lproj/LaunchScreen.storyboard; sourceTree = "<group>"; };
		65B18A221E12184F00928F54 /* Info.plist */ = {isa = PBXFileReference; lastKnownFileType = text.plist.xml; path = Info.plist; sourceTree = "<group>"; };
		7E47D0E88C56932D232CFC29 /* Pods_Instagram_lab.framework */ = {isa = PBXFileReference; explicitFileType = wrapper.framework; includeInIndex = 0; path = Pods_Instagram_lab.framework; sourceTree = BUILT_PRODUCTS_DIR; };
		FEF2FA50C450D15E1B5A07BA /* Pods-Instagram_lab.debug.xcconfig */ = {isa = PBXFileReference; includeInIndex = 1; lastKnownFileType = text.xcconfig; name = "Pods-Instagram_lab.debug.xcconfig"; path = "Pods/Target Support Files/Pods-Instagram_lab/Pods-Instagram_lab.debug.xcconfig"; sourceTree = "<group>"; };
/* End PBXFileReference section */

/* Begin PBXFrameworksBuildPhase section */
		65B18A101E12184E00928F54 /* Frameworks */ = {
			isa = PBXFrameworksBuildPhase;
			buildActionMask = 2147483647;
			files = (
				EB0E50116D0E928729E25BEE /* Pods_Instagram_lab.framework in Frameworks */,
			);
			runOnlyForDeploymentPostprocessing = 0;
		};
/* End PBXFrameworksBuildPhase section */

/* Begin PBXGroup section */
		6504D7F21E1232EF000FF98A /* Photo Cell */ = {
			isa = PBXGroup;
			children = (
				6504D7EE1E1232BE000FF98A /* PhotoCell.xib */,
				6504D7F01E1232DE000FF98A /* PhotoCell.swift */,
			);
			name = "Photo Cell";
			sourceTree = "<group>";
		};
		65B18A0A1E12184E00928F54 = {
			isa = PBXGroup;
			children = (
				65B18A151E12184F00928F54 /* Instagram_lab */,
				65B18A141E12184F00928F54 /* Products */,
				EE8CCC364D364F2A76C6A5C5 /* Pods */,
				E13376D3DBA90FD77C3071FC /* Frameworks */,
			);
			sourceTree = "<group>";
		};
		65B18A141E12184F00928F54 /* Products */ = {
			isa = PBXGroup;
			children = (
				65B18A131E12184F00928F54 /* Instagram_lab.app */,
			);
			name = Products;
			sourceTree = "<group>";
		};
		65B18A151E12184F00928F54 /* Instagram_lab */ = {
			isa = PBXGroup;
			children = (
				6504D7F21E1232EF000FF98A /* Photo Cell */,
				65B18A161E12184F00928F54 /* AppDelegate.swift */,
				65B18A181E12184F00928F54 /* PhotosViewController.swift */,
				65B18A1A1E12184F00928F54 /* Main.storyboard */,
				65B18A1D1E12184F00928F54 /* Assets.xcassets */,
				65B18A1F1E12184F00928F54 /* LaunchScreen.storyboard */,
				65B18A221E12184F00928F54 /* Info.plist */,
			);
			path = Instagram_lab;
			sourceTree = "<group>";
		};
		E13376D3DBA90FD77C3071FC /* Frameworks */ = {
			isa = PBXGroup;
			children = (
				7E47D0E88C56932D232CFC29 /* Pods_Instagram_lab.framework */,
			);
			name = Frameworks;
			sourceTree = "<group>";
		};
		EE8CCC364D364F2A76C6A5C5 /* Pods */ = {
			isa = PBXGroup;
			children = (
				FEF2FA50C450D15E1B5A07BA /* Pods-Instagram_lab.debug.xcconfig */,
				048DDC78AEC1F2996AEEF3BE /* Pods-Instagram_lab.release.xcconfig */,
			);
			name = Pods;
			sourceTree = "<group>";
		};
/* End PBXGroup section */

/* Begin PBXNativeTarget section */
		65B18A121E12184E00928F54 /* Instagram_lab */ = {
			isa = PBXNativeTarget;
			buildConfigurationList = 65B18A251E12184F00928F54 /* Build configuration list for PBXNativeTarget "Instagram_lab" */;
			buildPhases = (
				655D4AB9ECBF5159DE5074B7 /* [CP] Check Pods Manifest.lock */,
				65B18A0F1E12184E00928F54 /* Sources */,
				65B18A101E12184E00928F54 /* Frameworks */,
				65B18A111E12184E00928F54 /* Resources */,
				636242CEFFD022CD527E8B98 /* [CP] Embed Pods Frameworks */,
				CB62CCB1A833FBE09D750B3F /* [CP] Copy Pods Resources */,
			);
			buildRules = (
			);
			dependencies = (
			);
			name = Instagram_lab;
			productName = Instagram_lab;
			productReference = 65B18A131E12184F00928F54 /* Instagram_lab.app */;
			productType = "com.apple.product-type.application";
		};
/* End PBXNativeTarget section */

/* Begin PBXProject section */
		65B18A0B1E12184E00928F54 /* Project object */ = {
			isa = PBXProject;
			attributes = {
				LastSwiftUpdateCheck = 0810;
				LastUpgradeCheck = 0810;
				ORGANIZATIONNAME = Notabela;
				TargetAttributes = {
					65B18A121E12184E00928F54 = {
						CreatedOnToolsVersion = 8.1;
						ProvisioningStyle = Automatic;
					};
				};
			};
			buildConfigurationList = 65B18A0E1E12184E00928F54 /* Build configuration list for PBXProject "Instagram_lab" */;
			compatibilityVersion = "Xcode 3.2";
			developmentRegion = English;
			hasScannedForEncodings = 0;
			knownRegions = (
				en,
				Base,
			);
			mainGroup = 65B18A0A1E12184E00928F54;
			productRefGroup = 65B18A141E12184F00928F54 /* Products */;
			projectDirPath = "";
			projectRoot = "";
			targets = (
				65B18A121E12184E00928F54 /* Instagram_lab */,
			);
		};
/* End PBXProject section */

/* Begin PBXResourcesBuildPhase section */
		65B18A111E12184E00928F54 /* Resources */ = {
			isa = PBXResourcesBuildPhase;
			buildActionMask = 2147483647;
			files = (
				6504D7EF1E1232BE000FF98A /* PhotoCell.xib in Resources */,
				65B18A211E12184F00928F54 /* LaunchScreen.storyboard in Resources */,
				65B18A1E1E12184F00928F54 /* Assets.xcassets in Resources */,
				65B18A1C1E12184F00928F54 /* Main.storyboard in Resources */,
			);
			runOnlyForDeploymentPostprocessing = 0;
		};
/* End PBXResourcesBuildPhase section */

/* Begin PBXShellScriptBuildPhase section */
		636242CEFFD022CD527E8B98 /* [CP] Embed Pods Frameworks */ = {
			isa = PBXShellScriptBuildPhase;
			buildActionMask = 2147483647;
			files = (
			);
			inputPaths = (
			);
			name = "[CP] Embed Pods Frameworks";
			outputPaths = (
			);
			runOnlyForDeploymentPostprocessing = 0;
			shellPath = /bin/sh;
			shellScript = "\"${SRCROOT}/Pods/Target Support Files/Pods-Instagram_lab/Pods-Instagram_lab-frameworks.sh\"\n";
			showEnvVarsInLog = 0;
		};
		655D4AB9ECBF5159DE5074B7 /* [CP] Check Pods Manifest.lock */ = {
			isa = PBXShellScriptBuildPhase;
			buildActionMask = 2147483647;
			files = (
			);
			inputPaths = (
			);
			name = "[CP] Check Pods Manifest.lock";
			outputPaths = (
			);
			runOnlyForDeploymentPostprocessing = 0;
			shellPath = /bin/sh;
			shellScript = "diff \"${PODS_ROOT}/../Podfile.lock\" \"${PODS_ROOT}/Manifest.lock\" > /dev/null\nif [ $? != 0 ] ; then\n    # print error to STDERR\n    echo \"error: The sandbox is not in sync with the Podfile.lock. Run 'pod install' or update your CocoaPods installation.\" >&2\n    exit 1\nfi\n";
			showEnvVarsInLog = 0;
		};
		CB62CCB1A833FBE09D750B3F /* [CP] Copy Pods Resources */ = {
			isa = PBXShellScriptBuildPhase;
			buildActionMask = 2147483647;
			files = (
			);
			inputPaths = (
			);
			name = "[CP] Copy Pods Resources";
			outputPaths = (
			);
			runOnlyForDeploymentPostprocessing = 0;
			shellPath = /bin/sh;
			shellScript = "\"${SRCROOT}/Pods/Target Support Files/Pods-Instagram_lab/Pods-Instagram_lab-resources.sh\"\n";
			showEnvVarsInLog = 0;
		};
/* End PBXShellScriptBuildPhase section */

/* Begin PBXSourcesBuildPhase section */
		65B18A0F1E12184E00928F54 /* Sources */ = {
			isa = PBXSourcesBuildPhase;
			buildActionMask = 2147483647;
			files = (
				65B18A191E12184F00928F54 /* PhotosViewController.swift in Sources */,
				6504D7F11E1232DE000FF98A /* PhotoCell.swift in Sources */,
				65B18A171E12184F00928F54 /* AppDelegate.swift in Sources */,
			);
			runOnlyForDeploymentPostprocessing = 0;
		};
/* End PBXSourcesBuildPhase section */

/* Begin PBXVariantGroup section */
		65B18A1A1E12184F00928F54 /* Main.storyboard */ = {
			isa = PBXVariantGroup;
			children = (
				65B18A1B1E12184F00928F54 /* Base */,
			);
			name = Main.storyboard;
			sourceTree = "<group>";
		};
		65B18A1F1E12184F00928F54 /* LaunchScreen.storyboard */ = {
			isa = PBXVariantGroup;
			children = (
				65B18A201E12184F00928F54 /* Base */,
			);
			name = LaunchScreen.storyboard;
			sourceTree = "<group>";
		};
/* End PBXVariantGroup section */

/* Begin XCBuildConfiguration section */
		65B18A231E12184F00928F54 /* Debug */ = {
			isa = XCBuildConfiguration;
			buildSettings = {
				ALWAYS_SEARCH_USER_PATHS = NO;
				CLANG_ANALYZER_NONNULL = YES;
				CLANG_CXX_LANGUAGE_STANDARD = "gnu++0x";
				CLANG_CXX_LIBRARY = "libc++";
				CLANG_ENABLE_MODULES = YES;
				CLANG_ENABLE_OBJC_ARC = YES;
				CLANG_WARN_BOOL_CONVERSION = YES;
				CLANG_WARN_CONSTANT_CONVERSION = YES;
				CLANG_WARN_DIRECT_OBJC_ISA_USAGE = YES_ERROR;
				CLANG_WARN_DOCUMENTATION_COMMENTS = YES;
				CLANG_WARN_EMPTY_BODY = YES;
				CLANG_WARN_ENUM_CONVERSION = YES;
				CLANG_WARN_INFINITE_RECURSION = YES;
				CLANG_WARN_INT_CONVERSION = YES;
				CLANG_WARN_OBJC_ROOT_CLASS = YES_ERROR;
				CLANG_WARN_SUSPICIOUS_MOVES = YES;
				CLANG_WARN_UNREACHABLE_CODE = YES;
				CLANG_WARN__DUPLICATE_METHOD_MATCH = YES;
				"CODE_SIGN_IDENTITY[sdk=iphoneos*]" = "iPhone Developer";
				COPY_PHASE_STRIP = NO;
				DEBUG_INFORMATION_FORMAT = dwarf;
				ENABLE_STRICT_OBJC_MSGSEND = YES;
				ENABLE_TESTABILITY = YES;
				GCC_C_LANGUAGE_STANDARD = gnu99;
				GCC_DYNAMIC_NO_PIC = NO;
				GCC_NO_COMMON_BLOCKS = YES;
				GCC_OPTIMIZATION_LEVEL = 0;
				GCC_PREPROCESSOR_DEFINITIONS = (
					"DEBUG=1",
					"$(inherited)",
				);
				GCC_WARN_64_TO_32_BIT_CONVERSION = YES;
				GCC_WARN_ABOUT_RETURN_TYPE = YES_ERROR;
				GCC_WARN_UNDECLARED_SELECTOR = YES;
				GCC_WARN_UNINITIALIZED_AUTOS = YES_AGGRESSIVE;
				GCC_WARN_UNUSED_FUNCTION = YES;
				GCC_WARN_UNUSED_VARIABLE = YES;
				IPHONEOS_DEPLOYMENT_TARGET = 9.0;
				MTL_ENABLE_DEBUG_INFO = YES;
				ONLY_ACTIVE_ARCH = YES;
				SDKROOT = iphoneos;
				SWIFT_ACTIVE_COMPILATION_CONDITIONS = DEBUG;
				SWIFT_OPTIMIZATION_LEVEL = "-Onone";
			};
			name = Debug;
		};
		65B18A241E12184F00928F54 /* Release */ = {
			isa = XCBuildConfiguration;
			buildSettings = {
				ALWAYS_SEARCH_USER_PATHS = NO;
				CLANG_ANALYZER_NONNULL = YES;
				CLANG_CXX_LANGUAGE_STANDARD = "gnu++0x";
				CLANG_CXX_LIBRARY = "libc++";
				CLANG_ENABLE_MODULES = YES;
				CLANG_ENABLE_OBJC_ARC = YES;
				CLANG_WARN_BOOL_CONVERSION = YES;
				CLANG_WARN_CONSTANT_CONVERSION = YES;
				CLANG_WARN_DIRECT_OBJC_ISA_USAGE = YES_ERROR;
				CLANG_WARN_DOCUMENTATION_COMMENTS = YES;
				CLANG_WARN_EMPTY_BODY = YES;
				CLANG_WARN_ENUM_CONVERSION = YES;
				CLANG_WARN_INFINITE_RECURSION = YES;
				CLANG_WARN_INT_CONVERSION = YES;
				CLANG_WARN_OBJC_ROOT_CLASS = YES_ERROR;
				CLANG_WARN_SUSPICIOUS_MOVES = YES;
				CLANG_WARN_UNREACHABLE_CODE = YES;
				CLANG_WARN__DUPLICATE_METHOD_MATCH = YES;
				"CODE_SIGN_IDENTITY[sdk=iphoneos*]" = "iPhone Developer";
				COPY_PHASE_STRIP = NO;
				DEBUG_INFORMATION_FORMAT = "dwarf-with-dsym";
				ENABLE_NS_ASSERTIONS = NO;
				ENABLE_STRICT_OBJC_MSGSEND = YES;
				GCC_C_LANGUAGE_STANDARD = gnu99;
				GCC_NO_COMMON_BLOCKS = YES;
				GCC_WARN_64_TO_32_BIT_CONVERSION = YES;
				GCC_WARN_ABOUT_RETURN_TYPE = YES_ERROR;
				GCC_WARN_UNDECLARED_SELECTOR = YES;
				GCC_WARN_UNINITIALIZED_AUTOS = YES_AGGRESSIVE;
				GCC_WARN_UNUSED_FUNCTION = YES;
				GCC_WARN_UNUSED_VARIABLE = YES;
				IPHONEOS_DEPLOYMENT_TARGET = 9.0;
				MTL_ENABLE_DEBUG_INFO = NO;
				SDKROOT = iphoneos;
				SWIFT_OPTIMIZATION_LEVEL = "-Owholemodule";
				VALIDATE_PRODUCT = YES;
			};
			name = Release;
		};
		65B18A261E12184F00928F54 /* Debug */ = {
			isa = XCBuildConfiguration;
			baseConfigurationReference = FEF2FA50C450D15E1B5A07BA /* Pods-Instagram_lab.debug.xcconfig */;
			buildSettings = {
				ASSETCATALOG_COMPILER_APPICON_NAME = AppIcon;
				INFOPLIST_FILE = Instagram_lab/Info.plist;
				LD_RUNPATH_SEARCH_PATHS = "$(inherited) @executable_path/Frameworks";
				PRODUCT_BUNDLE_IDENTIFIER = "com.notabela.Instagram-lab";
				PRODUCT_NAME = "$(TARGET_NAME)";
				SWIFT_VERSION = 3.0;
			};
			name = Debug;
		};
		65B18A271E12184F00928F54 /* Release */ = {
			isa = XCBuildConfiguration;
			baseConfigurationReference = 048DDC78AEC1F2996AEEF3BE /* Pods-Instagram_lab.release.xcconfig */;
			buildSettings = {
				ASSETCATALOG_COMPILER_APPICON_NAME = AppIcon;
				INFOPLIST_FILE = Instagram_lab/Info.plist;
				LD_RUNPATH_SEARCH_PATHS = "$(inherited) @executable_path/Frameworks";
				PRODUCT_BUNDLE_IDENTIFIER = "com.notabela.Instagram-lab";
				PRODUCT_NAME = "$(TARGET_NAME)";
				SWIFT_VERSION = 3.0;
			};
			name = Release;
		};
/* End XCBuildConfiguration section */

/* Begin XCConfigurationList section */
		65B18A0E1E12184E00928F54 /* Build configuration list for PBXProject "Instagram_lab" */ = {
			isa = XCConfigurationList;
			buildConfigurations = (
				65B18A231E12184F00928F54 /* Debug */,
				65B18A241E12184F00928F54 /* Release */,
			);
			defaultConfigurationIsVisible = 0;
			defaultConfigurationName = Release;
		};
		65B18A251E12184F00928F54 /* Build configuration list for PBXNativeTarget "Instagram_lab" */ = {
			isa = XCConfigurationList;
			buildConfigurations = (
				65B18A261E12184F00928F54 /* Debug */,
				65B18A271E12184F00928F54 /* Release */,
			);
			defaultConfigurationIsVisible = 0;
			defaultConfigurationName = Release;
		};
/* End XCConfigurationList section */
	};
	rootObject = 65B18A0B1E12184E00928F54 /* Project object */;
}
